
Microsoft Visual Studio Solution File, Format Version 12.00
# Visual Studio Version 16
VisualStudioVersion = 16.0.33801.447
MinimumVisualStudioVersion = 10.0.40219.1
Project("{FAE04EC0-301F-11D3-BF4B-00C04F79EFBC}") = "PatternSingleton", "PatternSingleton\PatternSingleton.csproj", "{694195DC-3495-4835-BBFA-76F7473D8752}"
EndProject
Global
	GlobalSection(SolutionConfigurationPlatforms) = preSolution
		Debug|Any CPU = Debug|Any CPU
		Release|Any CPU = Release|Any CPU
	EndGlobalSection
	GlobalSection(ProjectConfigurationPlatforms) = postSolution
		{694195DC-3495-4835-BBFA-76F7473D8752}.Debug|Any CPU.ActiveCfg = Debug|Any CPU
		{694195DC-3495-4835-BBFA-76F7473D8752}.Debug|Any CPU.Build.0 = Debug|Any CPU
		{694195DC-3495-4835-BBFA-76F7473D8752}.Release|Any CPU.ActiveCfg = Release|Any CPU
		{694195DC-3495-4835-BBFA-76F7473D8752}.Release|Any CPU.Build.0 = Release|Any CPU
	EndGlobalSection
	GlobalSection(SolutionProperties) = preSolution
		HideSolutionNode = FALSE
	EndGlobalSection
	GlobalSection(ExtensibilityGlobals) = postSolution
		SolutionGuid = {D51A067B-AF0B-4516-A6DE-3F3014F7FA2F}
	EndGlobalSection
EndGlobal
